
Microsoft Visual Studio Solution File, Format Version 12.00
# Visual Studio 15
VisualStudioVersion = 15.0.28010.2016
MinimumVisualStudioVersion = 10.0.40219.1
Project("{8BC9CEB8-8B4A-11D0-8D11-00A0C91BC942}") = "20180927Delaunay", "20180927Delaunay\20180927Delaunay.vcxproj", "{56EC31EB-A4EA-4299-B026-40A0E762D009}"
EndProject
Global
	GlobalSection(SolutionConfigurationPlatforms) = preSolution
		Debug|x64 = Debug|x64
		Debug|x86 = Debug|x86
		Release|x64 = Release|x64
		Release|x86 = Release|x86
	EndGlobalSection
	GlobalSection(ProjectConfigurationPlatforms) = postSolution
		{56EC31EB-A4EA-4299-B026-40A0E762D009}.Debug|x64.ActiveCfg = Debug|x64
		{56EC31EB-A4EA-4299-B026-40A0E762D009}.Debug|x64.Build.0 = Debug|x64
		{56EC31EB-A4EA-4299-B026-40A0E762D009}.Debug|x86.ActiveCfg = Debug|Win32
		{56EC31EB-A4EA-4299-B026-40A0E762D009}.Debug|x86.Build.0 = Debug|Win32
		{56EC31EB-A4EA-4299-B026-40A0E762D009}.Release|x64.ActiveCfg = Release|x64
		{56EC31EB-A4EA-4299-B026-40A0E762D009}.Release|x64.Build.0 = Release|x64
		{56EC31EB-A4EA-4299-B026-40A0E762D009}.Release|x86.ActiveCfg = Release|Win32
		{56EC31EB-A4EA-4299-B026-40A0E762D009}.Release|x86.Build.0 = Release|Win32
	EndGlobalSection
	GlobalSection(SolutionProperties) = preSolution
		HideSolutionNode = FALSE
	EndGlobalSection
	GlobalSection(ExtensibilityGlobals) = postSolution
		SolutionGuid = {9EF7531F-3E5F-4437-ABA1-AC79AC0D8823}
	EndGlobalSection
EndGlobal
